
Microsoft Visual Studio Solution File, Format Version 12.00
# Visual Studio Version 17
VisualStudioVersion = 17.11.35222.181
MinimumVisualStudioVersion = 10.0.40219.1
Project("{FAE04EC0-301F-11D3-BF4B-00C04F79EFBC}") = "EXEtoMSI", "EXEtoMSI.csproj", "{3C2323A7-FF5A-403A-9168-89FB55B7DE61}"
EndProject
Global
	GlobalSection(SolutionConfigurationPlatforms) = preSolution
		Debug|Any CPU = Debug|Any CPU
		Release|Any CPU = Release|Any CPU
	EndGlobalSection
	GlobalSection(ProjectConfigurationPlatforms) = postSolution
		{3C2323A7-FF5A-403A-9168-89FB55B7DE61}.Debug|Any CPU.ActiveCfg = Debug|Any CPU
		{3C2323A7-FF5A-403A-9168-89FB55B7DE61}.Debug|Any CPU.Build.0 = Debug|Any CPU
		{3C2323A7-FF5A-403A-9168-89FB55B7DE61}.Release|Any CPU.ActiveCfg = Release|Any CPU
		{3C2323A7-FF5A-403A-9168-89FB55B7DE61}.Release|Any CPU.Build.0 = Release|Any CPU
	EndGlobalSection
	GlobalSection(SolutionProperties) = preSolution
		HideSolutionNode = FALSE
	EndGlobalSection
	GlobalSection(ExtensibilityGlobals) = postSolution
		SolutionGuid = {7BC1FD14-876E-4601-AF98-D96636038722}
	EndGlobalSection
EndGlobal
